
Microsoft Visual Studio Solution File, Format Version 12.00
#
Project("{2150E333-8FDC-42A3-9474-1A3956D46DE8}") = "src", "src", "{B0FD77C2-53ED-4AB1-A178-47350BAB2E23}"
EndProject
Project("{FAE04EC0-301F-11D3-BF4B-00C04F79EFBC}") = "Banana.Backtest.Common", "src\Banana.Backtest.Common\Banana.Backtest.Common.csproj", "{B00AD09F-63EE-4071-BCA9-A0158FDA78DB}"
EndProject
Project("{FAE04EC0-301F-11D3-BF4B-00C04F79EFBC}") = "Banana.Backtest.CryptoConverter", "src\Banana.Backtest.CryptoConverter\Banana.Backtest.CryptoConverter.csproj", "{CFA8454C-441E-4E02-8547-42CD587DE7FB}"
EndProject
Project("{FAE04EC0-301F-11D3-BF4B-00C04F79EFBC}") = "Banana.Backtest.Emulator", "src\Banana.Backtest.Emulator\Banana.Backtest.Emulator.csproj", "{EBCD5811-A019-40F4-9B43-D66E021E1FF0}"
EndProject
Project("{FAE04EC0-301F-11D3-BF4B-00C04F79EFBC}") = "Banana.Backtest.MoexConverter", "src\Banana.Backtest.MoexConverter\Banana.Backtest.MoexConverter.csproj", "{F5FE4D78-3708-44BE-801D-80932F08A4E7}"
EndProject
Project("{FAE04EC0-301F-11D3-BF4B-00C04F79EFBC}") = "Banana.Strategies.Predictive", "src\Banana.Strategies.Predictive\Banana.Strategies.Predictive.csproj", "{14ACA71C-9644-4814-A733-6C4C15F8715D}"
EndProject
Project("{FAE04EC0-301F-11D3-BF4B-00C04F79EFBC}") = "Banana.Strategies.Predictive.UnitTests", "src\Banana.Strategies.Predictive.UnitTests\Banana.Strategies.Predictive.UnitTests.csproj", "{FA27CCA7-1965-42D8-9144-E0CC387582D7}"
EndProject
Project("{FAE04EC0-301F-11D3-BF4B-00C04F79EFBC}") = "Banana.Backtest.Launcher", "src\Banana.Backtest.Launcher\Banana.Backtest.Launcher.csproj", "{C4AD9393-EB2B-408D-9B91-488FB2F45882}"
EndProject
Global
	GlobalSection(SolutionConfigurationPlatforms) = preSolution
		Debug|Any CPU = Debug|Any CPU
		Release|Any CPU = Release|Any CPU
	EndGlobalSection
	GlobalSection(ProjectConfigurationPlatforms) = postSolution
		{B00AD09F-63EE-4071-BCA9-A0158FDA78DB}.Debug|Any CPU.ActiveCfg = Debug|Any CPU
		{B00AD09F-63EE-4071-BCA9-A0158FDA78DB}.Debug|Any CPU.Build.0 = Debug|Any CPU
		{B00AD09F-63EE-4071-BCA9-A0158FDA78DB}.Release|Any CPU.ActiveCfg = Release|Any CPU
		{B00AD09F-63EE-4071-BCA9-A0158FDA78DB}.Release|Any CPU.Build.0 = Release|Any CPU
		{CFA8454C-441E-4E02-8547-42CD587DE7FB}.Debug|Any CPU.ActiveCfg = Debug|Any CPU
		{CFA8454C-441E-4E02-8547-42CD587DE7FB}.Debug|Any CPU.Build.0 = Debug|Any CPU
		{CFA8454C-441E-4E02-8547-42CD587DE7FB}.Release|Any CPU.ActiveCfg = Release|Any CPU
		{CFA8454C-441E-4E02-8547-42CD587DE7FB}.Release|Any CPU.Build.0 = Release|Any CPU
		{EBCD5811-A019-40F4-9B43-D66E021E1FF0}.Debug|Any CPU.ActiveCfg = Debug|Any CPU
		{EBCD5811-A019-40F4-9B43-D66E021E1FF0}.Debug|Any CPU.Build.0 = Debug|Any CPU
		{EBCD5811-A019-40F4-9B43-D66E021E1FF0}.Release|Any CPU.ActiveCfg = Release|Any CPU
		{EBCD5811-A019-40F4-9B43-D66E021E1FF0}.Release|Any CPU.Build.0 = Release|Any CPU
		{F5FE4D78-3708-44BE-801D-80932F08A4E7}.Debug|Any CPU.ActiveCfg = Debug|Any CPU
		{F5FE4D78-3708-44BE-801D-80932F08A4E7}.Debug|Any CPU.Build.0 = Debug|Any CPU
		{F5FE4D78-3708-44BE-801D-80932F08A4E7}.Release|Any CPU.ActiveCfg = Release|Any CPU
		{F5FE4D78-3708-44BE-801D-80932F08A4E7}.Release|Any CPU.Build.0 = Release|Any CPU
		{14ACA71C-9644-4814-A733-6C4C15F8715D}.Debug|Any CPU.ActiveCfg = Debug|Any CPU
		{14ACA71C-9644-4814-A733-6C4C15F8715D}.Debug|Any CPU.Build.0 = Debug|Any CPU
		{14ACA71C-9644-4814-A733-6C4C15F8715D}.Release|Any CPU.ActiveCfg = Release|Any CPU
		{14ACA71C-9644-4814-A733-6C4C15F8715D}.Release|Any CPU.Build.0 = Release|Any CPU
		{FA27CCA7-1965-42D8-9144-E0CC387582D7}.Debug|Any CPU.ActiveCfg = Debug|Any CPU
		{FA27CCA7-1965-42D8-9144-E0CC387582D7}.Debug|Any CPU.Build.0 = Debug|Any CPU
		{FA27CCA7-1965-42D8-9144-E0CC387582D7}.Release|Any CPU.ActiveCfg = Release|Any CPU
		{FA27CCA7-1965-42D8-9144-E0CC387582D7}.Release|Any CPU.Build.0 = Release|Any CPU
		{C4AD9393-EB2B-408D-9B91-488FB2F45882}.Debug|Any CPU.ActiveCfg = Debug|Any CPU
		{C4AD9393-EB2B-408D-9B91-488FB2F45882}.Debug|Any CPU.Build.0 = Debug|Any CPU
		{C4AD9393-EB2B-408D-9B91-488FB2F45882}.Release|Any CPU.ActiveCfg = Release|Any CPU
		{C4AD9393-EB2B-408D-9B91-488FB2F45882}.Release|Any CPU.Build.0 = Release|Any CPU
	EndGlobalSection
	GlobalSection(NestedProjects) = preSolution
		{B00AD09F-63EE-4071-BCA9-A0158FDA78DB} = {B0FD77C2-53ED-4AB1-A178-47350BAB2E23}
		{CFA8454C-441E-4E02-8547-42CD587DE7FB} = {B0FD77C2-53ED-4AB1-A178-47350BAB2E23}
		{EBCD5811-A019-40F4-9B43-D66E021E1FF0} = {B0FD77C2-53ED-4AB1-A178-47350BAB2E23}
		{F5FE4D78-3708-44BE-801D-80932F08A4E7} = {B0FD77C2-53ED-4AB1-A178-47350BAB2E23}
		{14ACA71C-9644-4814-A733-6C4C15F8715D} = {B0FD77C2-53ED-4AB1-A178-47350BAB2E23}
		{FA27CCA7-1965-42D8-9144-E0CC387582D7} = {B0FD77C2-53ED-4AB1-A178-47350BAB2E23}
		{C4AD9393-EB2B-408D-9B91-488FB2F45882} = {B0FD77C2-53ED-4AB1-A178-47350BAB2E23}
	EndGlobalSection
EndGlobal
